
Microsoft Visual Studio Solution File, Format Version 12.00
# Visual Studio Version 17
VisualStudioVersion = 17.2.32616.157
MinimumVisualStudioVersion = 10.0.40219.1
Project("{2150E333-8FDC-42A3-9474-1A3956D46DE8}") = "Solution Items", "Solution Items", "{DEA4EDD8-0948-43A3-9A50-D657A84D2923}"
	ProjectSection(SolutionItems) = preProject
		.gitignore = .gitignore
		.dockerignore = .dockerignore
	EndProjectSection
EndProject
Project("{2150E333-8FDC-42A3-9474-1A3956D46DE8}") = "src", "src", "{E0553411-CECF-4714-AEA9-624529DA9C64}"
EndProject
Project("{2150E333-8FDC-42A3-9474-1A3956D46DE8}") = "tests", "tests", "{263759DB-9C0A-42F5-8618-1877FB2586C0}"
EndProject
Project("{9A19103F-16F7-4668-BE54-9A1E7A4F7556}") = "KuCloud.Data", "src\KuCloud.Data\KuCloud.Data.csproj", "{ADEE8EAE-E710-424E-B7DA-F7E5932666C6}"
EndProject
Project("{9A19103F-16F7-4668-BE54-9A1E7A4F7556}") = "KuCloud.Infrastructure", "src\KuCloud.Infrastructure\KuCloud.Infrastructure.csproj", "{06F82E83-575B-4B04-BEB8-799B8A3DF894}"
EndProject
Project("{9A19103F-16F7-4668-BE54-9A1E7A4F7556}") = "KuCloud.Api", "src\KuCloud.Api\KuCloud.Api.csproj", "{5E383CCC-E26B-4801-BBD4-B82A679A8898}"
EndProject
Project("{9A19103F-16F7-4668-BE54-9A1E7A4F7556}") = "KuCloud.Services.Abstractions", "src\KuCloud.Services.Abstractions\KuCloud.Services.Abstractions.csproj", "{13F90A04-ABE0-4BBC-BA59-DD6080401075}"
EndProject
Project("{9A19103F-16F7-4668-BE54-9A1E7A4F7556}") = "KuCloud.Services", "src\KuCloud.Services\KuCloud.Services.csproj", "{3D55AECF-536F-4216-BB80-118E797C01AC}"
EndProject
Project("{9A19103F-16F7-4668-BE54-9A1E7A4F7556}") = "KuCloud.Dto", "src\KuCloud.Dto\KuCloud.Dto.csproj", "{0A8624B0-D176-41BB-9CA4-FAD1B1603AF0}"
EndProject
Project("{9A19103F-16F7-4668-BE54-9A1E7A4F7556}") = "KuCloud.Core", "src\KuCloud.Core\KuCloud.Core.csproj", "{09AED2AB-12AF-4681-BCD3-27751DC3AEDD}"
EndProject
Project("{2150E333-8FDC-42A3-9474-1A3956D46DE8}") = "2.Data", "2.Data", "{D20B8A1E-9300-4339-B6AB-9DB5C221E4A9}"
EndProject
Project("{2150E333-8FDC-42A3-9474-1A3956D46DE8}") = "1.Infrastructure", "1.Infrastructure", "{53E4EA9E-643F-4EAF-BF99-3C126EB1E412}"
EndProject
Project("{2150E333-8FDC-42A3-9474-1A3956D46DE8}") = "3.Services", "3.Services", "{A04F15F1-D99A-43D7-9AEC-8115D7107EF8}"
EndProject
Project("{2150E333-8FDC-42A3-9474-1A3956D46DE8}") = "4.Executable", "4.Executable", "{035DBB7D-1278-4E3C-94C3-63A1FA97F8C6}"
EndProject
Project("{2150E333-8FDC-42A3-9474-1A3956D46DE8}") = "0.Core", "0.Core", "{0A908A0C-FBA0-4434-83B1-662926E73BCD}"
EndProject
Project("{2150E333-8FDC-42A3-9474-1A3956D46DE8}") = "3.Services", "3.Services", "{C8077045-AD35-4F92-9583-FA03FF26DACA}"
EndProject
Project("{FAE04EC0-301F-11D3-BF4B-00C04F79EFBC}") = "KuCloud.Services.Test", "tests\KuCloud.Services.Test\KuCloud.Services.Test.csproj", "{320AB5F7-E250-4015-98B2-3030D6FD3684}"
EndProject
Project("{FAE04EC0-301F-11D3-BF4B-00C04F79EFBC}") = "KuCloud.Test.Shard", "tests\KuCloud.Test.Shard\KuCloud.Test.Shard.csproj", "{2B2C9259-0485-490B-A3BC-D4A370B25524}"
EndProject
Global
	GlobalSection(SolutionConfigurationPlatforms) = preSolution
		Debug|Any CPU = Debug|Any CPU
		Release|Any CPU = Release|Any CPU
	EndGlobalSection
	GlobalSection(ProjectConfigurationPlatforms) = postSolution
		{ADEE8EAE-E710-424E-B7DA-F7E5932666C6}.Debug|Any CPU.ActiveCfg = Debug|Any CPU
		{ADEE8EAE-E710-424E-B7DA-F7E5932666C6}.Debug|Any CPU.Build.0 = Debug|Any CPU
		{ADEE8EAE-E710-424E-B7DA-F7E5932666C6}.Release|Any CPU.ActiveCfg = Release|Any CPU
		{ADEE8EAE-E710-424E-B7DA-F7E5932666C6}.Release|Any CPU.Build.0 = Release|Any CPU
		{06F82E83-575B-4B04-BEB8-799B8A3DF894}.Debug|Any CPU.ActiveCfg = Debug|Any CPU
		{06F82E83-575B-4B04-BEB8-799B8A3DF894}.Debug|Any CPU.Build.0 = Debug|Any CPU
		{06F82E83-575B-4B04-BEB8-799B8A3DF894}.Release|Any CPU.ActiveCfg = Release|Any CPU
		{06F82E83-575B-4B04-BEB8-799B8A3DF894}.Release|Any CPU.Build.0 = Release|Any CPU
		{5E383CCC-E26B-4801-BBD4-B82A679A8898}.Debug|Any CPU.ActiveCfg = Debug|Any CPU
		{5E383CCC-E26B-4801-BBD4-B82A679A8898}.Debug|Any CPU.Build.0 = Debug|Any CPU
		{5E383CCC-E26B-4801-BBD4-B82A679A8898}.Release|Any CPU.ActiveCfg = Release|Any CPU
		{5E383CCC-E26B-4801-BBD4-B82A679A8898}.Release|Any CPU.Build.0 = Release|Any CPU
		{13F90A04-ABE0-4BBC-BA59-DD6080401075}.Debug|Any CPU.ActiveCfg = Debug|Any CPU
		{13F90A04-ABE0-4BBC-BA59-DD6080401075}.Debug|Any CPU.Build.0 = Debug|Any CPU
		{13F90A04-ABE0-4BBC-BA59-DD6080401075}.Release|Any CPU.ActiveCfg = Release|Any CPU
		{13F90A04-ABE0-4BBC-BA59-DD6080401075}.Release|Any CPU.Build.0 = Release|Any CPU
		{3D55AECF-536F-4216-BB80-118E797C01AC}.Debug|Any CPU.ActiveCfg = Debug|Any CPU
		{3D55AECF-536F-4216-BB80-118E797C01AC}.Debug|Any CPU.Build.0 = Debug|Any CPU
		{3D55AECF-536F-4216-BB80-118E797C01AC}.Release|Any CPU.ActiveCfg = Release|Any CPU
		{3D55AECF-536F-4216-BB80-118E797C01AC}.Release|Any CPU.Build.0 = Release|Any CPU
		{0A8624B0-D176-41BB-9CA4-FAD1B1603AF0}.Debug|Any CPU.ActiveCfg = Debug|Any CPU
		{0A8624B0-D176-41BB-9CA4-FAD1B1603AF0}.Debug|Any CPU.Build.0 = Debug|Any CPU
		{0A8624B0-D176-41BB-9CA4-FAD1B1603AF0}.Release|Any CPU.ActiveCfg = Release|Any CPU
		{0A8624B0-D176-41BB-9CA4-FAD1B1603AF0}.Release|Any CPU.Build.0 = Release|Any CPU
		{09AED2AB-12AF-4681-BCD3-27751DC3AEDD}.Debug|Any CPU.ActiveCfg = Debug|Any CPU
		{09AED2AB-12AF-4681-BCD3-27751DC3AEDD}.Debug|Any CPU.Build.0 = Debug|Any CPU
		{09AED2AB-12AF-4681-BCD3-27751DC3AEDD}.Release|Any CPU.ActiveCfg = Release|Any CPU
		{09AED2AB-12AF-4681-BCD3-27751DC3AEDD}.Release|Any CPU.Build.0 = Release|Any CPU
		{320AB5F7-E250-4015-98B2-3030D6FD3684}.Debug|Any CPU.ActiveCfg = Debug|Any CPU
		{320AB5F7-E250-4015-98B2-3030D6FD3684}.Debug|Any CPU.Build.0 = Debug|Any CPU
		{320AB5F7-E250-4015-98B2-3030D6FD3684}.Release|Any CPU.ActiveCfg = Release|Any CPU
		{320AB5F7-E250-4015-98B2-3030D6FD3684}.Release|Any CPU.Build.0 = Release|Any CPU
		{2B2C9259-0485-490B-A3BC-D4A370B25524}.Debug|Any CPU.ActiveCfg = Debug|Any CPU
		{2B2C9259-0485-490B-A3BC-D4A370B25524}.Debug|Any CPU.Build.0 = Debug|Any CPU
		{2B2C9259-0485-490B-A3BC-D4A370B25524}.Release|Any CPU.ActiveCfg = Release|Any CPU
		{2B2C9259-0485-490B-A3BC-D4A370B25524}.Release|Any CPU.Build.0 = Release|Any CPU
	EndGlobalSection
	GlobalSection(SolutionProperties) = preSolution
		HideSolutionNode = FALSE
	EndGlobalSection
	GlobalSection(NestedProjects) = preSolution
		{ADEE8EAE-E710-424E-B7DA-F7E5932666C6} = {D20B8A1E-9300-4339-B6AB-9DB5C221E4A9}
		{06F82E83-575B-4B04-BEB8-799B8A3DF894} = {53E4EA9E-643F-4EAF-BF99-3C126EB1E412}
		{5E383CCC-E26B-4801-BBD4-B82A679A8898} = {035DBB7D-1278-4E3C-94C3-63A1FA97F8C6}
		{13F90A04-ABE0-4BBC-BA59-DD6080401075} = {A04F15F1-D99A-43D7-9AEC-8115D7107EF8}
		{3D55AECF-536F-4216-BB80-118E797C01AC} = {A04F15F1-D99A-43D7-9AEC-8115D7107EF8}
		{0A8624B0-D176-41BB-9CA4-FAD1B1603AF0} = {D20B8A1E-9300-4339-B6AB-9DB5C221E4A9}
		{09AED2AB-12AF-4681-BCD3-27751DC3AEDD} = {0A908A0C-FBA0-4434-83B1-662926E73BCD}
		{D20B8A1E-9300-4339-B6AB-9DB5C221E4A9} = {E0553411-CECF-4714-AEA9-624529DA9C64}
		{53E4EA9E-643F-4EAF-BF99-3C126EB1E412} = {E0553411-CECF-4714-AEA9-624529DA9C64}
		{A04F15F1-D99A-43D7-9AEC-8115D7107EF8} = {E0553411-CECF-4714-AEA9-624529DA9C64}
		{035DBB7D-1278-4E3C-94C3-63A1FA97F8C6} = {E0553411-CECF-4714-AEA9-624529DA9C64}
		{0A908A0C-FBA0-4434-83B1-662926E73BCD} = {E0553411-CECF-4714-AEA9-624529DA9C64}
		{C8077045-AD35-4F92-9583-FA03FF26DACA} = {263759DB-9C0A-42F5-8618-1877FB2586C0}
		{320AB5F7-E250-4015-98B2-3030D6FD3684} = {C8077045-AD35-4F92-9583-FA03FF26DACA}
		{2B2C9259-0485-490B-A3BC-D4A370B25524} = {263759DB-9C0A-42F5-8618-1877FB2586C0}
	EndGlobalSection
	GlobalSection(ExtensibilityGlobals) = postSolution
		SolutionGuid = {A2BBA3D9-B7C1-4CE0-8EE2-20596B0BE9FE}
	EndGlobalSection
EndGlobal
